
Microsoft Visual Studio Solution File, Format Version 12.00
# Visual Studio 2013
VisualStudioVersion = 12.0.31101.0
MinimumVisualStudioVersion = 10.0.40219.1
Project("{FAE04EC0-301F-11D3-BF4B-00C04F79EFBC}") = "Scutum.Model", "Scutum.Model\Scutum.Model.csproj", "{AAA77BAF-8068-4582-BBE0-C8023D533628}"
EndProject
Project("{2150E333-8FDC-42A3-9474-1A3956D46DE8}") = "Core", "Core", "{18409146-9438-4F13-BBAC-73A153703BF9}"
EndProject
Project("{FAE04EC0-301F-11D3-BF4B-00C04F79EFBC}") = "Scutum.Infra", "Scutum.Infra\Scutum.Infra.csproj", "{771A8AB9-3FC1-4EF9-BD21-E5C9FCCCB523}"
EndProject
Project("{2150E333-8FDC-42A3-9474-1A3956D46DE8}") = "Web", "Web", "{48381848-E206-4CE3-AB17-6080F66FBF2A}"
EndProject
Project("{FAE04EC0-301F-11D3-BF4B-00C04F79EFBC}") = "Scutum.WebAPI", "Scutum.WebAPI\Scutum.WebAPI.csproj", "{139E127D-3095-40E1-89E6-394927A9C80F}"
EndProject
Project("{FAE04EC0-301F-11D3-BF4B-00C04F79EFBC}") = "Scutum.Business", "Scutum.Business\Scutum.Business.csproj", "{94388365-DB32-41A4-A526-E1452B5C4A3A}"
EndProject
Project("{FAE04EC0-301F-11D3-BF4B-00C04F79EFBC}") = "Scutum.Data", "Scutum.Data\Scutum.Data.csproj", "{0A6F3E97-91E2-4302-AFDF-CF7AC3C43EA4}"
EndProject
Project("{FAE04EC0-301F-11D3-BF4B-00C04F79EFBC}") = "Scutum.Library", "Scutum.Library\Scutum.Library.csproj", "{FB977F77-6F11-4CD0-9B30-BDAA66E41D68}"
EndProject
Project("{FAE04EC0-301F-11D3-BF4B-00C04F79EFBC}") = "Scutum.UnitTest", "Scutum.UnitTest\Scutum.UnitTest.csproj", "{6E778BC4-5DD4-40D5-B88A-2988AE5F4E03}"
EndProject
Project("{FAE04EC0-301F-11D3-BF4B-00C04F79EFBC}") = "Scutum.ConsoleTest", "Scutum.ConsoleTest\Scutum.ConsoleTest.csproj", "{41297838-17F7-4C6B-97FC-A01AE6508396}"
EndProject
Project("{2150E333-8FDC-42A3-9474-1A3956D46DE8}") = "Tests", "Tests", "{C57FC3D6-7C72-44C7-8F83-769E8104271D}"
EndProject
Project("{2150E333-8FDC-42A3-9474-1A3956D46DE8}") = "Server", "Server", "{E2DC2A72-97D7-47AB-A179-D2544BFAD013}"
EndProject
Project("{FAE04EC0-301F-11D3-BF4B-00C04F79EFBC}") = "Scutum.WebAPI.Client", "Scutum.WebAPI.Client\Scutum.WebAPI.Client.csproj", "{0A4DEB34-D7B4-4964-8FD1-B6F86E0CE6D8}"
EndProject
Project("{FAE04EC0-301F-11D3-BF4B-00C04F79EFBC}") = "Scutum.Web", "Scutum.Web\Scutum.Web.csproj", "{FA7544E2-8D1C-4847-97D5-2EC748D1E2AB}"
EndProject
Project("{2150E333-8FDC-42A3-9474-1A3956D46DE8}") = ".nuget", ".nuget", "{7B3A30E3-5572-4304-912D-CDB7DD75E91A}"
	ProjectSection(SolutionItems) = preProject
		.nuget\packages.config = .nuget\packages.config
	EndProjectSection
EndProject
Global
	GlobalSection(SolutionConfigurationPlatforms) = preSolution
		Debug|Any CPU = Debug|Any CPU
		Debug|ARM = Debug|ARM
		Debug|x64 = Debug|x64
		Debug|x86 = Debug|x86
		Release|Any CPU = Release|Any CPU
		Release|ARM = Release|ARM
		Release|x64 = Release|x64
		Release|x86 = Release|x86
	EndGlobalSection
	GlobalSection(ProjectConfigurationPlatforms) = postSolution
		{AAA77BAF-8068-4582-BBE0-C8023D533628}.Debug|Any CPU.ActiveCfg = Debug|Any CPU
		{AAA77BAF-8068-4582-BBE0-C8023D533628}.Debug|Any CPU.Build.0 = Debug|Any CPU
		{AAA77BAF-8068-4582-BBE0-C8023D533628}.Debug|ARM.ActiveCfg = Debug|Any CPU
		{AAA77BAF-8068-4582-BBE0-C8023D533628}.Debug|x64.ActiveCfg = Debug|Any CPU
		{AAA77BAF-8068-4582-BBE0-C8023D533628}.Debug|x86.ActiveCfg = Debug|Any CPU
		{AAA77BAF-8068-4582-BBE0-C8023D533628}.Release|Any CPU.ActiveCfg = Release|Any CPU
		{AAA77BAF-8068-4582-BBE0-C8023D533628}.Release|Any CPU.Build.0 = Release|Any CPU
		{AAA77BAF-8068-4582-BBE0-C8023D533628}.Release|ARM.ActiveCfg = Release|Any CPU
		{AAA77BAF-8068-4582-BBE0-C8023D533628}.Release|x64.ActiveCfg = Release|Any CPU
		{AAA77BAF-8068-4582-BBE0-C8023D533628}.Release|x86.ActiveCfg = Release|Any CPU
		{771A8AB9-3FC1-4EF9-BD21-E5C9FCCCB523}.Debug|Any CPU.ActiveCfg = Debug|Any CPU
		{771A8AB9-3FC1-4EF9-BD21-E5C9FCCCB523}.Debug|Any CPU.Build.0 = Debug|Any CPU
		{771A8AB9-3FC1-4EF9-BD21-E5C9FCCCB523}.Debug|ARM.ActiveCfg = Debug|Any CPU
		{771A8AB9-3FC1-4EF9-BD21-E5C9FCCCB523}.Debug|x64.ActiveCfg = Debug|Any CPU
		{771A8AB9-3FC1-4EF9-BD21-E5C9FCCCB523}.Debug|x86.ActiveCfg = Debug|Any CPU
		{771A8AB9-3FC1-4EF9-BD21-E5C9FCCCB523}.Release|Any CPU.ActiveCfg = Release|Any CPU
		{771A8AB9-3FC1-4EF9-BD21-E5C9FCCCB523}.Release|Any CPU.Build.0 = Release|Any CPU
		{771A8AB9-3FC1-4EF9-BD21-E5C9FCCCB523}.Release|ARM.ActiveCfg = Release|Any CPU
		{771A8AB9-3FC1-4EF9-BD21-E5C9FCCCB523}.Release|x64.ActiveCfg = Release|Any CPU
		{771A8AB9-3FC1-4EF9-BD21-E5C9FCCCB523}.Release|x86.ActiveCfg = Release|Any CPU
		{139E127D-3095-40E1-89E6-394927A9C80F}.Debug|Any CPU.ActiveCfg = Debug|Any CPU
		{139E127D-3095-40E1-89E6-394927A9C80F}.Debug|Any CPU.Build.0 = Debug|Any CPU
		{139E127D-3095-40E1-89E6-394927A9C80F}.Debug|ARM.ActiveCfg = Debug|Any CPU
		{139E127D-3095-40E1-89E6-394927A9C80F}.Debug|x64.ActiveCfg = Debug|Any CPU
		{139E127D-3095-40E1-89E6-394927A9C80F}.Debug|x86.ActiveCfg = Debug|Any CPU
		{139E127D-3095-40E1-89E6-394927A9C80F}.Release|Any CPU.ActiveCfg = Release|Any CPU
		{139E127D-3095-40E1-89E6-394927A9C80F}.Release|Any CPU.Build.0 = Release|Any CPU
		{139E127D-3095-40E1-89E6-394927A9C80F}.Release|ARM.ActiveCfg = Release|Any CPU
		{139E127D-3095-40E1-89E6-394927A9C80F}.Release|x64.ActiveCfg = Release|Any CPU
		{139E127D-3095-40E1-89E6-394927A9C80F}.Release|x86.ActiveCfg = Release|Any CPU
		{94388365-DB32-41A4-A526-E1452B5C4A3A}.Debug|Any CPU.ActiveCfg = Debug|Any CPU
		{94388365-DB32-41A4-A526-E1452B5C4A3A}.Debug|Any CPU.Build.0 = Debug|Any CPU
		{94388365-DB32-41A4-A526-E1452B5C4A3A}.Debug|ARM.ActiveCfg = Debug|Any CPU
		{94388365-DB32-41A4-A526-E1452B5C4A3A}.Debug|x64.ActiveCfg = Debug|Any CPU
		{94388365-DB32-41A4-A526-E1452B5C4A3A}.Debug|x86.ActiveCfg = Debug|Any CPU
		{94388365-DB32-41A4-A526-E1452B5C4A3A}.Release|Any CPU.ActiveCfg = Release|Any CPU
		{94388365-DB32-41A4-A526-E1452B5C4A3A}.Release|Any CPU.Build.0 = Release|Any CPU
		{94388365-DB32-41A4-A526-E1452B5C4A3A}.Release|ARM.ActiveCfg = Release|Any CPU
		{94388365-DB32-41A4-A526-E1452B5C4A3A}.Release|x64.ActiveCfg = Release|Any CPU
		{94388365-DB32-41A4-A526-E1452B5C4A3A}.Release|x86.ActiveCfg = Release|Any CPU
		{0A6F3E97-91E2-4302-AFDF-CF7AC3C43EA4}.Debug|Any CPU.ActiveCfg = Debug|Any CPU
		{0A6F3E97-91E2-4302-AFDF-CF7AC3C43EA4}.Debug|Any CPU.Build.0 = Debug|Any CPU
		{0A6F3E97-91E2-4302-AFDF-CF7AC3C43EA4}.Debug|ARM.ActiveCfg = Debug|Any CPU
		{0A6F3E97-91E2-4302-AFDF-CF7AC3C43EA4}.Debug|x64.ActiveCfg = Debug|Any CPU
		{0A6F3E97-91E2-4302-AFDF-CF7AC3C43EA4}.Debug|x86.ActiveCfg = Debug|Any CPU
		{0A6F3E97-91E2-4302-AFDF-CF7AC3C43EA4}.Release|Any CPU.ActiveCfg = Release|Any CPU
		{0A6F3E97-91E2-4302-AFDF-CF7AC3C43EA4}.Release|Any CPU.Build.0 = Release|Any CPU
		{0A6F3E97-91E2-4302-AFDF-CF7AC3C43EA4}.Release|ARM.ActiveCfg = Release|Any CPU
		{0A6F3E97-91E2-4302-AFDF-CF7AC3C43EA4}.Release|x64.ActiveCfg = Release|Any CPU
		{0A6F3E97-91E2-4302-AFDF-CF7AC3C43EA4}.Release|x86.ActiveCfg = Release|Any CPU
		{FB977F77-6F11-4CD0-9B30-BDAA66E41D68}.Debug|Any CPU.ActiveCfg = Debug|Any CPU
		{FB977F77-6F11-4CD0-9B30-BDAA66E41D68}.Debug|Any CPU.Build.0 = Debug|Any CPU
		{FB977F77-6F11-4CD0-9B30-BDAA66E41D68}.Debug|ARM.ActiveCfg = Debug|Any CPU
		{FB977F77-6F11-4CD0-9B30-BDAA66E41D68}.Debug|x64.ActiveCfg = Debug|Any CPU
		{FB977F77-6F11-4CD0-9B30-BDAA66E41D68}.Debug|x86.ActiveCfg = Debug|Any CPU
		{FB977F77-6F11-4CD0-9B30-BDAA66E41D68}.Release|Any CPU.ActiveCfg = Release|Any CPU
		{FB977F77-6F11-4CD0-9B30-BDAA66E41D68}.Release|Any CPU.Build.0 = Release|Any CPU
		{FB977F77-6F11-4CD0-9B30-BDAA66E41D68}.Release|ARM.ActiveCfg = Release|Any CPU
		{FB977F77-6F11-4CD0-9B30-BDAA66E41D68}.Release|x64.ActiveCfg = Release|Any CPU
		{FB977F77-6F11-4CD0-9B30-BDAA66E41D68}.Release|x86.ActiveCfg = Release|Any CPU
		{6E778BC4-5DD4-40D5-B88A-2988AE5F4E03}.Debug|Any CPU.ActiveCfg = Debug|Any CPU
		{6E778BC4-5DD4-40D5-B88A-2988AE5F4E03}.Debug|Any CPU.Build.0 = Debug|Any CPU
		{6E778BC4-5DD4-40D5-B88A-2988AE5F4E03}.Debug|ARM.ActiveCfg = Debug|Any CPU
		{6E778BC4-5DD4-40D5-B88A-2988AE5F4E03}.Debug|x64.ActiveCfg = Debug|Any CPU
		{6E778BC4-5DD4-40D5-B88A-2988AE5F4E03}.Debug|x86.ActiveCfg = Debug|Any CPU
		{6E778BC4-5DD4-40D5-B88A-2988AE5F4E03}.Release|Any CPU.ActiveCfg = Release|Any CPU
		{6E778BC4-5DD4-40D5-B88A-2988AE5F4E03}.Release|Any CPU.Build.0 = Release|Any CPU
		{6E778BC4-5DD4-40D5-B88A-2988AE5F4E03}.Release|ARM.ActiveCfg = Release|Any CPU
		{6E778BC4-5DD4-40D5-B88A-2988AE5F4E03}.Release|x64.ActiveCfg = Release|Any CPU
		{6E778BC4-5DD4-40D5-B88A-2988AE5F4E03}.Release|x86.ActiveCfg = Release|Any CPU
		{41297838-17F7-4C6B-97FC-A01AE6508396}.Debug|Any CPU.ActiveCfg = Debug|Any CPU
		{41297838-17F7-4C6B-97FC-A01AE6508396}.Debug|Any CPU.Build.0 = Debug|Any CPU
		{41297838-17F7-4C6B-97FC-A01AE6508396}.Debug|ARM.ActiveCfg = Debug|Any CPU
		{41297838-17F7-4C6B-97FC-A01AE6508396}.Debug|x64.ActiveCfg = Debug|Any CPU
		{41297838-17F7-4C6B-97FC-A01AE6508396}.Debug|x86.ActiveCfg = Debug|Any CPU
		{41297838-17F7-4C6B-97FC-A01AE6508396}.Release|Any CPU.ActiveCfg = Release|Any CPU
		{41297838-17F7-4C6B-97FC-A01AE6508396}.Release|Any CPU.Build.0 = Release|Any CPU
		{41297838-17F7-4C6B-97FC-A01AE6508396}.Release|ARM.ActiveCfg = Release|Any CPU
		{41297838-17F7-4C6B-97FC-A01AE6508396}.Release|x64.ActiveCfg = Release|Any CPU
		{41297838-17F7-4C6B-97FC-A01AE6508396}.Release|x86.ActiveCfg = Release|Any CPU
		{0A4DEB34-D7B4-4964-8FD1-B6F86E0CE6D8}.Debug|Any CPU.ActiveCfg = Debug|Any CPU
		{0A4DEB34-D7B4-4964-8FD1-B6F86E0CE6D8}.Debug|Any CPU.Build.0 = Debug|Any CPU
		{0A4DEB34-D7B4-4964-8FD1-B6F86E0CE6D8}.Debug|ARM.ActiveCfg = Debug|Any CPU
		{0A4DEB34-D7B4-4964-8FD1-B6F86E0CE6D8}.Debug|x64.ActiveCfg = Debug|Any CPU
		{0A4DEB34-D7B4-4964-8FD1-B6F86E0CE6D8}.Debug|x86.ActiveCfg = Debug|Any CPU
		{0A4DEB34-D7B4-4964-8FD1-B6F86E0CE6D8}.Release|Any CPU.ActiveCfg = Release|Any CPU
		{0A4DEB34-D7B4-4964-8FD1-B6F86E0CE6D8}.Release|Any CPU.Build.0 = Release|Any CPU
		{0A4DEB34-D7B4-4964-8FD1-B6F86E0CE6D8}.Release|ARM.ActiveCfg = Release|Any CPU
		{0A4DEB34-D7B4-4964-8FD1-B6F86E0CE6D8}.Release|x64.ActiveCfg = Release|Any CPU
		{0A4DEB34-D7B4-4964-8FD1-B6F86E0CE6D8}.Release|x86.ActiveCfg = Release|Any CPU
		{FA7544E2-8D1C-4847-97D5-2EC748D1E2AB}.Debug|Any CPU.ActiveCfg = Debug|Any CPU
		{FA7544E2-8D1C-4847-97D5-2EC748D1E2AB}.Debug|Any CPU.Build.0 = Debug|Any CPU
		{FA7544E2-8D1C-4847-97D5-2EC748D1E2AB}.Debug|ARM.ActiveCfg = Debug|Any CPU
		{FA7544E2-8D1C-4847-97D5-2EC748D1E2AB}.Debug|x64.ActiveCfg = Debug|Any CPU
		{FA7544E2-8D1C-4847-97D5-2EC748D1E2AB}.Debug|x86.ActiveCfg = Debug|Any CPU
		{FA7544E2-8D1C-4847-97D5-2EC748D1E2AB}.Release|Any CPU.ActiveCfg = Release|Any CPU
		{FA7544E2-8D1C-4847-97D5-2EC748D1E2AB}.Release|Any CPU.Build.0 = Release|Any CPU
		{FA7544E2-8D1C-4847-97D5-2EC748D1E2AB}.Release|ARM.ActiveCfg = Release|Any CPU
		{FA7544E2-8D1C-4847-97D5-2EC748D1E2AB}.Release|x64.ActiveCfg = Release|Any CPU
		{FA7544E2-8D1C-4847-97D5-2EC748D1E2AB}.Release|x86.ActiveCfg = Release|Any CPU
	EndGlobalSection
	GlobalSection(SolutionProperties) = preSolution
		HideSolutionNode = FALSE
	EndGlobalSection
	GlobalSection(NestedProjects) = preSolution
		{AAA77BAF-8068-4582-BBE0-C8023D533628} = {18409146-9438-4F13-BBAC-73A153703BF9}
		{18409146-9438-4F13-BBAC-73A153703BF9} = {E2DC2A72-97D7-47AB-A179-D2544BFAD013}
		{771A8AB9-3FC1-4EF9-BD21-E5C9FCCCB523} = {18409146-9438-4F13-BBAC-73A153703BF9}
		{139E127D-3095-40E1-89E6-394927A9C80F} = {48381848-E206-4CE3-AB17-6080F66FBF2A}
		{94388365-DB32-41A4-A526-E1452B5C4A3A} = {18409146-9438-4F13-BBAC-73A153703BF9}
		{0A6F3E97-91E2-4302-AFDF-CF7AC3C43EA4} = {18409146-9438-4F13-BBAC-73A153703BF9}
		{FB977F77-6F11-4CD0-9B30-BDAA66E41D68} = {18409146-9438-4F13-BBAC-73A153703BF9}
		{6E778BC4-5DD4-40D5-B88A-2988AE5F4E03} = {C57FC3D6-7C72-44C7-8F83-769E8104271D}
		{41297838-17F7-4C6B-97FC-A01AE6508396} = {C57FC3D6-7C72-44C7-8F83-769E8104271D}
		{C57FC3D6-7C72-44C7-8F83-769E8104271D} = {E2DC2A72-97D7-47AB-A179-D2544BFAD013}
		{0A4DEB34-D7B4-4964-8FD1-B6F86E0CE6D8} = {48381848-E206-4CE3-AB17-6080F66FBF2A}
		{FA7544E2-8D1C-4847-97D5-2EC748D1E2AB} = {48381848-E206-4CE3-AB17-6080F66FBF2A}
	EndGlobalSection
EndGlobal
